
Microsoft Visual Studio Solution File, Format Version 12.00
# Visual Studio Version 17
VisualStudioVersion = 17.13.35931.197
MinimumVisualStudioVersion = 10.0.40219.1
Project("{FAE04EC0-301F-11D3-BF4B-00C04F79EFBC}") = "Avatar.API", "src\Avatar.API\Avatar.API.csproj", "{78ED5D42-FA5E-4732-A78C-90195D1D3230}"
EndProject
Project("{2150E333-8FDC-42A3-9474-1A3956D46DE8}") = "Core", "Core", "{02EA681E-C7D8-13C7-8484-4AC65E1B71E8}"
EndProject
Project("{FAE04EC0-301F-11D3-BF4B-00C04F79EFBC}") = "Avatar.Domain", "src\Avatar.Domain\Avatar.Domain.csproj", "{5B58EF59-B4AC-4FCB-A98C-8DE3C8B8DBAE}"
EndProject
Project("{FAE04EC0-301F-11D3-BF4B-00C04F79EFBC}") = "Avatar.Application", "src\Avatar.Application\Avatar.Application.csproj", "{A36EAB80-E057-4FBA-81D7-3D40361CEDC6}"
EndProject
Project("{FAE04EC0-301F-11D3-BF4B-00C04F79EFBC}") = "Avatar.Infrastructure", "src\Avatar.Infrastructure\Avatar.Infrastructure.csproj", "{EB2693DF-D4A7-45EF-8F78-5D54A3881BDD}"
EndProject
Project("{2150E333-8FDC-42A3-9474-1A3956D46DE8}") = "Presentation", "Presentation", "{4182B977-1A59-4AEC-9E14-8BA39DC100EC}"
EndProject
Project("{2150E333-8FDC-42A3-9474-1A3956D46DE8}") = "Infrastructure", "Infrastructure", "{54A87C09-7018-4E7F-AEB2-4C9E950CF7BA}"
EndProject
Project("{2150E333-8FDC-42A3-9474-1A3956D46DE8}") = "Modules", "Modules", "{C2B3EA92-97D1-4E61-A910-356E6445F2BC}"
EndProject
Project("{FAE04EC0-301F-11D3-BF4B-00C04F79EFBC}") = "Avatar.Modules", "src\Avatar.Modules\Avatar.Modules.csproj", "{313653EB-7A12-4996-BB1E-76FCF55F3482}"
EndProject
Project("{FAE04EC0-301F-11D3-BF4B-00C04F79EFBC}") = "Avatar.Shared", "src\Avatar.Shared\Avatar.Shared.csproj", "{BAF8C7AC-31CD-4682-ADF0-597D61006B83}"
EndProject
Global
	GlobalSection(SolutionConfigurationPlatforms) = preSolution
		Debug|Any CPU = Debug|Any CPU
		Release|Any CPU = Release|Any CPU
	EndGlobalSection
	GlobalSection(ProjectConfigurationPlatforms) = postSolution
		{78ED5D42-FA5E-4732-A78C-90195D1D3230}.Debug|Any CPU.ActiveCfg = Debug|Any CPU
		{78ED5D42-FA5E-4732-A78C-90195D1D3230}.Debug|Any CPU.Build.0 = Debug|Any CPU
		{78ED5D42-FA5E-4732-A78C-90195D1D3230}.Release|Any CPU.ActiveCfg = Release|Any CPU
		{78ED5D42-FA5E-4732-A78C-90195D1D3230}.Release|Any CPU.Build.0 = Release|Any CPU
		{5B58EF59-B4AC-4FCB-A98C-8DE3C8B8DBAE}.Debug|Any CPU.ActiveCfg = Debug|Any CPU
		{5B58EF59-B4AC-4FCB-A98C-8DE3C8B8DBAE}.Debug|Any CPU.Build.0 = Debug|Any CPU
		{5B58EF59-B4AC-4FCB-A98C-8DE3C8B8DBAE}.Release|Any CPU.ActiveCfg = Release|Any CPU
		{5B58EF59-B4AC-4FCB-A98C-8DE3C8B8DBAE}.Release|Any CPU.Build.0 = Release|Any CPU
		{A36EAB80-E057-4FBA-81D7-3D40361CEDC6}.Debug|Any CPU.ActiveCfg = Debug|Any CPU
		{A36EAB80-E057-4FBA-81D7-3D40361CEDC6}.Debug|Any CPU.Build.0 = Debug|Any CPU
		{A36EAB80-E057-4FBA-81D7-3D40361CEDC6}.Release|Any CPU.ActiveCfg = Release|Any CPU
		{A36EAB80-E057-4FBA-81D7-3D40361CEDC6}.Release|Any CPU.Build.0 = Release|Any CPU
		{EB2693DF-D4A7-45EF-8F78-5D54A3881BDD}.Debug|Any CPU.ActiveCfg = Debug|Any CPU
		{EB2693DF-D4A7-45EF-8F78-5D54A3881BDD}.Debug|Any CPU.Build.0 = Debug|Any CPU
		{EB2693DF-D4A7-45EF-8F78-5D54A3881BDD}.Release|Any CPU.ActiveCfg = Release|Any CPU
		{EB2693DF-D4A7-45EF-8F78-5D54A3881BDD}.Release|Any CPU.Build.0 = Release|Any CPU
		{313653EB-7A12-4996-BB1E-76FCF55F3482}.Debug|Any CPU.ActiveCfg = Debug|Any CPU
		{313653EB-7A12-4996-BB1E-76FCF55F3482}.Debug|Any CPU.Build.0 = Debug|Any CPU
		{313653EB-7A12-4996-BB1E-76FCF55F3482}.Release|Any CPU.ActiveCfg = Release|Any CPU
		{313653EB-7A12-4996-BB1E-76FCF55F3482}.Release|Any CPU.Build.0 = Release|Any CPU
		{BAF8C7AC-31CD-4682-ADF0-597D61006B83}.Debug|Any CPU.ActiveCfg = Debug|Any CPU
		{BAF8C7AC-31CD-4682-ADF0-597D61006B83}.Debug|Any CPU.Build.0 = Debug|Any CPU
		{BAF8C7AC-31CD-4682-ADF0-597D61006B83}.Release|Any CPU.ActiveCfg = Release|Any CPU
		{BAF8C7AC-31CD-4682-ADF0-597D61006B83}.Release|Any CPU.Build.0 = Release|Any CPU
	EndGlobalSection
	GlobalSection(SolutionProperties) = preSolution
		HideSolutionNode = FALSE
	EndGlobalSection
	GlobalSection(NestedProjects) = preSolution
		{78ED5D42-FA5E-4732-A78C-90195D1D3230} = {4182B977-1A59-4AEC-9E14-8BA39DC100EC}
		{5B58EF59-B4AC-4FCB-A98C-8DE3C8B8DBAE} = {02EA681E-C7D8-13C7-8484-4AC65E1B71E8}
		{A36EAB80-E057-4FBA-81D7-3D40361CEDC6} = {02EA681E-C7D8-13C7-8484-4AC65E1B71E8}
		{EB2693DF-D4A7-45EF-8F78-5D54A3881BDD} = {54A87C09-7018-4E7F-AEB2-4C9E950CF7BA}
		{313653EB-7A12-4996-BB1E-76FCF55F3482} = {C2B3EA92-97D1-4E61-A910-356E6445F2BC}
		{BAF8C7AC-31CD-4682-ADF0-597D61006B83} = {02EA681E-C7D8-13C7-8484-4AC65E1B71E8}
	EndGlobalSection
	GlobalSection(ExtensibilityGlobals) = postSolution
		SolutionGuid = {62133FFB-BADD-4F8B-A540-3FD3E6DDADDB}
	EndGlobalSection
EndGlobal
