
Microsoft Visual Studio Solution File, Format Version 12.00
# Visual Studio Version 17
VisualStudioVersion = 17.13.35931.197
MinimumVisualStudioVersion = 10.0.40219.1
Project("{FAE04EC0-301F-11D3-BF4B-00C04F79EFBC}") = "Avatar.API", "src\Avatar.API\Avatar.API.csproj", "{78ED5D42-FA5E-4732-A78C-90195D1D3230}"
EndProject
Project("{2150E333-8FDC-42A3-9474-1A3956D46DE8}") = "Presentation", "Presentation", "{4182B977-1A59-4AEC-9E14-8BA39DC100EC}"
EndProject
Project("{2150E333-8FDC-42A3-9474-1A3956D46DE8}") = "Modules", "Modules", "{C2B3EA92-97D1-4E61-A910-356E6445F2BC}"
EndProject
Project("{FAE04EC0-301F-11D3-BF4B-00C04F79EFBC}") = "Avatar.Modules", "src\Avatar.Modules\Avatar.Modules.csproj", "{313653EB-7A12-4996-BB1E-76FCF55F3482}"
EndProject
Project("{2150E333-8FDC-42A3-9474-1A3956D46DE8}") = "Share", "Share", "{96F6BBD2-8C1F-4A8E-9630-E92F63E63056}"
EndProject
Project("{FAE04EC0-301F-11D3-BF4B-00C04F79EFBC}") = "Share.Domain", "src\Share.Domain\Share.Domain.csproj", "{A797DB22-CE69-043D-EF5F-9683BC8CD453}"
EndProject
Project("{FAE04EC0-301F-11D3-BF4B-00C04F79EFBC}") = "Share.Application", "src\Share.Application\Share.Application.csproj", "{6436F1F9-6E4A-45D2-AB1E-13CEF82C6CA5}"
EndProject
Project("{FAE04EC0-301F-11D3-BF4B-00C04F79EFBC}") = "Share.Infrastructure", "src\Share.Infrastructure\Share.Infrastructure.csproj", "{D09B2BB3-3F01-4103-9463-FDCF63074EB3}"
EndProject
Global
	GlobalSection(SolutionConfigurationPlatforms) = preSolution
		Debug|Any CPU = Debug|Any CPU
		Release|Any CPU = Release|Any CPU
	EndGlobalSection
	GlobalSection(ProjectConfigurationPlatforms) = postSolution
		{78ED5D42-FA5E-4732-A78C-90195D1D3230}.Debug|Any CPU.ActiveCfg = Debug|Any CPU
		{78ED5D42-FA5E-4732-A78C-90195D1D3230}.Debug|Any CPU.Build.0 = Debug|Any CPU
		{78ED5D42-FA5E-4732-A78C-90195D1D3230}.Release|Any CPU.ActiveCfg = Release|Any CPU
		{78ED5D42-FA5E-4732-A78C-90195D1D3230}.Release|Any CPU.Build.0 = Release|Any CPU
		{313653EB-7A12-4996-BB1E-76FCF55F3482}.Debug|Any CPU.ActiveCfg = Debug|Any CPU
		{313653EB-7A12-4996-BB1E-76FCF55F3482}.Debug|Any CPU.Build.0 = Debug|Any CPU
		{313653EB-7A12-4996-BB1E-76FCF55F3482}.Release|Any CPU.ActiveCfg = Release|Any CPU
		{313653EB-7A12-4996-BB1E-76FCF55F3482}.Release|Any CPU.Build.0 = Release|Any CPU
		{A797DB22-CE69-043D-EF5F-9683BC8CD453}.Debug|Any CPU.ActiveCfg = Debug|Any CPU
		{A797DB22-CE69-043D-EF5F-9683BC8CD453}.Debug|Any CPU.Build.0 = Debug|Any CPU
		{A797DB22-CE69-043D-EF5F-9683BC8CD453}.Release|Any CPU.ActiveCfg = Release|Any CPU
		{A797DB22-CE69-043D-EF5F-9683BC8CD453}.Release|Any CPU.Build.0 = Release|Any CPU
		{6436F1F9-6E4A-45D2-AB1E-13CEF82C6CA5}.Debug|Any CPU.ActiveCfg = Debug|Any CPU
		{6436F1F9-6E4A-45D2-AB1E-13CEF82C6CA5}.Debug|Any CPU.Build.0 = Debug|Any CPU
		{6436F1F9-6E4A-45D2-AB1E-13CEF82C6CA5}.Release|Any CPU.ActiveCfg = Release|Any CPU
		{6436F1F9-6E4A-45D2-AB1E-13CEF82C6CA5}.Release|Any CPU.Build.0 = Release|Any CPU
		{D09B2BB3-3F01-4103-9463-FDCF63074EB3}.Debug|Any CPU.ActiveCfg = Debug|Any CPU
		{D09B2BB3-3F01-4103-9463-FDCF63074EB3}.Debug|Any CPU.Build.0 = Debug|Any CPU
		{D09B2BB3-3F01-4103-9463-FDCF63074EB3}.Release|Any CPU.ActiveCfg = Release|Any CPU
		{D09B2BB3-3F01-4103-9463-FDCF63074EB3}.Release|Any CPU.Build.0 = Release|Any CPU
	EndGlobalSection
	GlobalSection(SolutionProperties) = preSolution
		HideSolutionNode = FALSE
	EndGlobalSection
	GlobalSection(NestedProjects) = preSolution
		{78ED5D42-FA5E-4732-A78C-90195D1D3230} = {4182B977-1A59-4AEC-9E14-8BA39DC100EC}
		{313653EB-7A12-4996-BB1E-76FCF55F3482} = {C2B3EA92-97D1-4E61-A910-356E6445F2BC}
		{A797DB22-CE69-043D-EF5F-9683BC8CD453} = {96F6BBD2-8C1F-4A8E-9630-E92F63E63056}
		{6436F1F9-6E4A-45D2-AB1E-13CEF82C6CA5} = {96F6BBD2-8C1F-4A8E-9630-E92F63E63056}
		{D09B2BB3-3F01-4103-9463-FDCF63074EB3} = {96F6BBD2-8C1F-4A8E-9630-E92F63E63056}
	EndGlobalSection
	GlobalSection(ExtensibilityGlobals) = postSolution
		SolutionGuid = {62133FFB-BADD-4F8B-A540-3FD3E6DDADDB}
	EndGlobalSection
EndGlobal
